
Microsoft Visual Studio Solution File, Format Version 12.00
# Visual Studio Version 16
VisualStudioVersion = 16.0.31424.327
MinimumVisualStudioVersion = 10.0.40219.1
Project("{2150E333-8FDC-42A3-9474-1A3956D46DE8}") = "src", "src", "{E84DEAB3-6D98-4DC6-827C-01724E47173D}"
EndProject
Project("{2150E333-8FDC-42A3-9474-1A3956D46DE8}") = "Application", "Application", "{F6AE6AE1-B04E-4558-A9A2-7FD74FA82059}"
EndProject
Project("{2150E333-8FDC-42A3-9474-1A3956D46DE8}") = "Domain", "Domain", "{AD1F0FE5-73E0-44E0-B42F-793A38C3C061}"
EndProject
Project("{2150E333-8FDC-42A3-9474-1A3956D46DE8}") = "Infrastructure", "Infrastructure", "{C9425A07-FF03-449B-BDC1-63D1F32DE369}"
EndProject
Project("{2150E333-8FDC-42A3-9474-1A3956D46DE8}") = "Creational", "Creational", "{326115C1-E89B-417B-8898-5252C4327BA8}"
EndProject
Project("{FAE04EC0-301F-11D3-BF4B-00C04F79EFBC}") = "Singleton", "Singleton\Singleton.csproj", "{709F05D6-60DA-4120-BA1A-A1CD51B7B469}"
EndProject
Project("{FAE04EC0-301F-11D3-BF4B-00C04F79EFBC}") = "Main", "Main\Main.csproj", "{7467EC1E-E2B2-4211-939F-B433DEAEAFB5}"
EndProject
Project("{FAE04EC0-301F-11D3-BF4B-00C04F79EFBC}") = "Builder", "Builder\Builder.csproj", "{B4A80EA5-C8A9-477F-ADB4-72E70C374E71}"
EndProject
Project("{FAE04EC0-301F-11D3-BF4B-00C04F79EFBC}") = "Factory", "Factory\Factory.csproj", "{E143FB37-61F5-49C4-ABBE-223CD5FF2DED}"
EndProject
Project("{2150E333-8FDC-42A3-9474-1A3956D46DE8}") = "Structural", "Structural", "{DB14F014-75B2-4E55-B49C-F430F7924471}"
EndProject
Project("{FAE04EC0-301F-11D3-BF4B-00C04F79EFBC}") = "Adapter", "Adapter\Adapter.csproj", "{C6A211F3-B22E-4B64-AA5B-5DF649E2C7D2}"
EndProject
Project("{FAE04EC0-301F-11D3-BF4B-00C04F79EFBC}") = "Composite", "Composite\Composite.csproj", "{262B058C-D1F7-4CD7-8F36-AF8B7B92A5F0}"
EndProject
Project("{FAE04EC0-301F-11D3-BF4B-00C04F79EFBC}") = "Bridge", "Bridge\Bridge.csproj", "{57DD806A-2406-4AD1-88AC-ADE5DF7B61F4}"
EndProject
Project("{FAE04EC0-301F-11D3-BF4B-00C04F79EFBC}") = "Command", "Command\Command.csproj", "{4332DE04-3FF5-4A7E-99B3-002C3434B25E}"
EndProject
Project("{2150E333-8FDC-42A3-9474-1A3956D46DE8}") = "Behavioral", "Behavioral", "{D270D90A-F299-4EAD-A74D-0E69ABEEB9B5}"
EndProject
Project("{FAE04EC0-301F-11D3-BF4B-00C04F79EFBC}") = "Mediator", "Mediator\Mediator.csproj", "{C0B9AF3D-B2B8-4A59-8416-74928BE81864}"
EndProject
Project("{FAE04EC0-301F-11D3-BF4B-00C04F79EFBC}") = "Observer", "Observer\Observer.csproj", "{4C499079-23C4-4A0F-B5EB-124C7F153A22}"
EndProject
Project("{FAE04EC0-301F-11D3-BF4B-00C04F79EFBC}") = "Strategy", "Strategy\Strategy.csproj", "{2E485727-C19E-4F8E-9260-705CCA991EB1}"
EndProject
Project("{FAE04EC0-301F-11D3-BF4B-00C04F79EFBC}") = "Abstract", "Abstract\Abstract.csproj", "{A0428EAB-47C6-4569-8B80-4130EF4498EA}"
EndProject
Global
	GlobalSection(SolutionConfigurationPlatforms) = preSolution
		Debug|Any CPU = Debug|Any CPU
		Release|Any CPU = Release|Any CPU
	EndGlobalSection
	GlobalSection(ProjectConfigurationPlatforms) = postSolution
		{709F05D6-60DA-4120-BA1A-A1CD51B7B469}.Debug|Any CPU.ActiveCfg = Debug|Any CPU
		{709F05D6-60DA-4120-BA1A-A1CD51B7B469}.Debug|Any CPU.Build.0 = Debug|Any CPU
		{709F05D6-60DA-4120-BA1A-A1CD51B7B469}.Release|Any CPU.ActiveCfg = Release|Any CPU
		{709F05D6-60DA-4120-BA1A-A1CD51B7B469}.Release|Any CPU.Build.0 = Release|Any CPU
		{7467EC1E-E2B2-4211-939F-B433DEAEAFB5}.Debug|Any CPU.ActiveCfg = Debug|Any CPU
		{7467EC1E-E2B2-4211-939F-B433DEAEAFB5}.Debug|Any CPU.Build.0 = Debug|Any CPU
		{7467EC1E-E2B2-4211-939F-B433DEAEAFB5}.Release|Any CPU.ActiveCfg = Release|Any CPU
		{7467EC1E-E2B2-4211-939F-B433DEAEAFB5}.Release|Any CPU.Build.0 = Release|Any CPU
		{B4A80EA5-C8A9-477F-ADB4-72E70C374E71}.Debug|Any CPU.ActiveCfg = Debug|Any CPU
		{B4A80EA5-C8A9-477F-ADB4-72E70C374E71}.Debug|Any CPU.Build.0 = Debug|Any CPU
		{B4A80EA5-C8A9-477F-ADB4-72E70C374E71}.Release|Any CPU.ActiveCfg = Release|Any CPU
		{B4A80EA5-C8A9-477F-ADB4-72E70C374E71}.Release|Any CPU.Build.0 = Release|Any CPU
		{E143FB37-61F5-49C4-ABBE-223CD5FF2DED}.Debug|Any CPU.ActiveCfg = Debug|Any CPU
		{E143FB37-61F5-49C4-ABBE-223CD5FF2DED}.Debug|Any CPU.Build.0 = Debug|Any CPU
		{E143FB37-61F5-49C4-ABBE-223CD5FF2DED}.Release|Any CPU.ActiveCfg = Release|Any CPU
		{E143FB37-61F5-49C4-ABBE-223CD5FF2DED}.Release|Any CPU.Build.0 = Release|Any CPU
		{C6A211F3-B22E-4B64-AA5B-5DF649E2C7D2}.Debug|Any CPU.ActiveCfg = Debug|Any CPU
		{C6A211F3-B22E-4B64-AA5B-5DF649E2C7D2}.Debug|Any CPU.Build.0 = Debug|Any CPU
		{C6A211F3-B22E-4B64-AA5B-5DF649E2C7D2}.Release|Any CPU.ActiveCfg = Release|Any CPU
		{C6A211F3-B22E-4B64-AA5B-5DF649E2C7D2}.Release|Any CPU.Build.0 = Release|Any CPU
		{262B058C-D1F7-4CD7-8F36-AF8B7B92A5F0}.Debug|Any CPU.ActiveCfg = Debug|Any CPU
		{262B058C-D1F7-4CD7-8F36-AF8B7B92A5F0}.Debug|Any CPU.Build.0 = Debug|Any CPU
		{262B058C-D1F7-4CD7-8F36-AF8B7B92A5F0}.Release|Any CPU.ActiveCfg = Release|Any CPU
		{262B058C-D1F7-4CD7-8F36-AF8B7B92A5F0}.Release|Any CPU.Build.0 = Release|Any CPU
		{57DD806A-2406-4AD1-88AC-ADE5DF7B61F4}.Debug|Any CPU.ActiveCfg = Debug|Any CPU
		{57DD806A-2406-4AD1-88AC-ADE5DF7B61F4}.Debug|Any CPU.Build.0 = Debug|Any CPU
		{57DD806A-2406-4AD1-88AC-ADE5DF7B61F4}.Release|Any CPU.ActiveCfg = Release|Any CPU
		{57DD806A-2406-4AD1-88AC-ADE5DF7B61F4}.Release|Any CPU.Build.0 = Release|Any CPU
		{4332DE04-3FF5-4A7E-99B3-002C3434B25E}.Debug|Any CPU.ActiveCfg = Debug|Any CPU
		{4332DE04-3FF5-4A7E-99B3-002C3434B25E}.Debug|Any CPU.Build.0 = Debug|Any CPU
		{4332DE04-3FF5-4A7E-99B3-002C3434B25E}.Release|Any CPU.ActiveCfg = Release|Any CPU
		{4332DE04-3FF5-4A7E-99B3-002C3434B25E}.Release|Any CPU.Build.0 = Release|Any CPU
		{C0B9AF3D-B2B8-4A59-8416-74928BE81864}.Debug|Any CPU.ActiveCfg = Debug|Any CPU
		{C0B9AF3D-B2B8-4A59-8416-74928BE81864}.Debug|Any CPU.Build.0 = Debug|Any CPU
		{C0B9AF3D-B2B8-4A59-8416-74928BE81864}.Release|Any CPU.ActiveCfg = Release|Any CPU
		{C0B9AF3D-B2B8-4A59-8416-74928BE81864}.Release|Any CPU.Build.0 = Release|Any CPU
		{4C499079-23C4-4A0F-B5EB-124C7F153A22}.Debug|Any CPU.ActiveCfg = Debug|Any CPU
		{4C499079-23C4-4A0F-B5EB-124C7F153A22}.Debug|Any CPU.Build.0 = Debug|Any CPU
		{4C499079-23C4-4A0F-B5EB-124C7F153A22}.Release|Any CPU.ActiveCfg = Release|Any CPU
		{4C499079-23C4-4A0F-B5EB-124C7F153A22}.Release|Any CPU.Build.0 = Release|Any CPU
		{2E485727-C19E-4F8E-9260-705CCA991EB1}.Debug|Any CPU.ActiveCfg = Debug|Any CPU
		{2E485727-C19E-4F8E-9260-705CCA991EB1}.Debug|Any CPU.Build.0 = Debug|Any CPU
		{2E485727-C19E-4F8E-9260-705CCA991EB1}.Release|Any CPU.ActiveCfg = Release|Any CPU
		{2E485727-C19E-4F8E-9260-705CCA991EB1}.Release|Any CPU.Build.0 = Release|Any CPU
		{A0428EAB-47C6-4569-8B80-4130EF4498EA}.Debug|Any CPU.ActiveCfg = Debug|Any CPU
		{A0428EAB-47C6-4569-8B80-4130EF4498EA}.Debug|Any CPU.Build.0 = Debug|Any CPU
		{A0428EAB-47C6-4569-8B80-4130EF4498EA}.Release|Any CPU.ActiveCfg = Release|Any CPU
		{A0428EAB-47C6-4569-8B80-4130EF4498EA}.Release|Any CPU.Build.0 = Release|Any CPU
	EndGlobalSection
	GlobalSection(SolutionProperties) = preSolution
		HideSolutionNode = FALSE
	EndGlobalSection
	GlobalSection(NestedProjects) = preSolution
		{F6AE6AE1-B04E-4558-A9A2-7FD74FA82059} = {E84DEAB3-6D98-4DC6-827C-01724E47173D}
		{AD1F0FE5-73E0-44E0-B42F-793A38C3C061} = {E84DEAB3-6D98-4DC6-827C-01724E47173D}
		{C9425A07-FF03-449B-BDC1-63D1F32DE369} = {E84DEAB3-6D98-4DC6-827C-01724E47173D}
		{326115C1-E89B-417B-8898-5252C4327BA8} = {AD1F0FE5-73E0-44E0-B42F-793A38C3C061}
		{709F05D6-60DA-4120-BA1A-A1CD51B7B469} = {326115C1-E89B-417B-8898-5252C4327BA8}
		{7467EC1E-E2B2-4211-939F-B433DEAEAFB5} = {F6AE6AE1-B04E-4558-A9A2-7FD74FA82059}
		{B4A80EA5-C8A9-477F-ADB4-72E70C374E71} = {326115C1-E89B-417B-8898-5252C4327BA8}
		{E143FB37-61F5-49C4-ABBE-223CD5FF2DED} = {326115C1-E89B-417B-8898-5252C4327BA8}
		{DB14F014-75B2-4E55-B49C-F430F7924471} = {AD1F0FE5-73E0-44E0-B42F-793A38C3C061}
		{C6A211F3-B22E-4B64-AA5B-5DF649E2C7D2} = {DB14F014-75B2-4E55-B49C-F430F7924471}
		{262B058C-D1F7-4CD7-8F36-AF8B7B92A5F0} = {DB14F014-75B2-4E55-B49C-F430F7924471}
		{57DD806A-2406-4AD1-88AC-ADE5DF7B61F4} = {DB14F014-75B2-4E55-B49C-F430F7924471}
		{4332DE04-3FF5-4A7E-99B3-002C3434B25E} = {D270D90A-F299-4EAD-A74D-0E69ABEEB9B5}
		{D270D90A-F299-4EAD-A74D-0E69ABEEB9B5} = {AD1F0FE5-73E0-44E0-B42F-793A38C3C061}
		{C0B9AF3D-B2B8-4A59-8416-74928BE81864} = {D270D90A-F299-4EAD-A74D-0E69ABEEB9B5}
		{4C499079-23C4-4A0F-B5EB-124C7F153A22} = {D270D90A-F299-4EAD-A74D-0E69ABEEB9B5}
		{2E485727-C19E-4F8E-9260-705CCA991EB1} = {D270D90A-F299-4EAD-A74D-0E69ABEEB9B5}
		{A0428EAB-47C6-4569-8B80-4130EF4498EA} = {326115C1-E89B-417B-8898-5252C4327BA8}
	EndGlobalSection
	GlobalSection(ExtensibilityGlobals) = postSolution
		SolutionGuid = {40D0D08B-6B88-4E0D-9352-928A74F34058}
	EndGlobalSection
EndGlobal
